
Microsoft Visual Studio Solution File, Format Version 12.00
# Visual Studio 14
VisualStudioVersion = 14.0.25420.1
MinimumVisualStudioVersion = 10.0.40219.1
Project("{2150E333-8FDC-42A3-9474-1A3956D46DE8}") = "src", "src", "{47E2050A-B95C-4F02-9D4F-DC97534E0C66}"
EndProject
Project("{2150E333-8FDC-42A3-9474-1A3956D46DE8}") = "Solution Items", "Solution Items", "{20B56FE2-AC56-4380-803C-0E58811BF3C9}"
	ProjectSection(SolutionItems) = preProject
		global.json = global.json
	EndProjectSection
EndProject
Project("{8BB2217D-0F2D-49D1-97BC-3654ED321F3B}") = "StarterProject.Common", "src\StarterProject.Common\StarterProject.Common.xproj", "{8FE79C29-E490-4CE2-AE05-9A89F067A9A7}"
EndProject
Project("{8BB2217D-0F2D-49D1-97BC-3654ED321F3B}") = "StarterProject.Data", "src\StarterProject.Data\StarterProject.Data.xproj", "{B8334B90-8ADB-4E28-B5AF-3CA4734E597A}"
EndProject
Project("{8BB2217D-0F2D-49D1-97BC-3654ED321F3B}") = "StarterProject.ViewModels", "src\StarterProject.ViewModels\StarterProject.ViewModels.xproj", "{CCDF42F9-F072-4BC7-A422-E138237D4AC0}"
EndProject
Project("{8BB2217D-0F2D-49D1-97BC-3654ED321F3B}") = "StarterProject.Queries", "src\StarterProject.Queries\StarterProject.Queries.xproj", "{19C3C1EF-D01B-4564-B56C-ACEDE2C64032}"
EndProject
Project("{8BB2217D-0F2D-49D1-97BC-3654ED321F3B}") = "StarterProject.Commands", "src\StarterProject.Commands\StarterProject.Commands.xproj", "{56343107-01F7-488E-A7CB-956EF141DF19}"
EndProject
Project("{8BB2217D-0F2D-49D1-97BC-3654ED321F3B}") = "StarterProject.WebApi", "src\StarterProject.WebApi\StarterProject.WebApi.xproj", "{F7F801C8-F422-4F39-9553-4904144D1552}"
EndProject
Project("{FAE04EC0-301F-11D3-BF4B-00C04F79EFBC}") = "StarterProject.WebClient", "src\StarterProject.WebClient\StarterProject.WebClient.csproj", "{14314384-C152-41D3-9DBC-2C341C29A33E}"
EndProject
Project("{8BB2217D-0F2D-49D1-97BC-3654ED321F3B}") = "StarterProject.InMemoryUnitTests", "src\StarterProject.InMemoryUnitTests\StarterProject.InMemoryUnitTests.xproj", "{A1E27A90-08DE-45B0-87D9-7E65D87C2DF6}"
EndProject
Global
	GlobalSection(SolutionConfigurationPlatforms) = preSolution
		Debug|Any CPU = Debug|Any CPU
		Release|Any CPU = Release|Any CPU
	EndGlobalSection
	GlobalSection(ProjectConfigurationPlatforms) = postSolution
		{8FE79C29-E490-4CE2-AE05-9A89F067A9A7}.Debug|Any CPU.ActiveCfg = Debug|Any CPU
		{8FE79C29-E490-4CE2-AE05-9A89F067A9A7}.Debug|Any CPU.Build.0 = Debug|Any CPU
		{8FE79C29-E490-4CE2-AE05-9A89F067A9A7}.Release|Any CPU.ActiveCfg = Release|Any CPU
		{8FE79C29-E490-4CE2-AE05-9A89F067A9A7}.Release|Any CPU.Build.0 = Release|Any CPU
		{B8334B90-8ADB-4E28-B5AF-3CA4734E597A}.Debug|Any CPU.ActiveCfg = Debug|Any CPU
		{B8334B90-8ADB-4E28-B5AF-3CA4734E597A}.Debug|Any CPU.Build.0 = Debug|Any CPU
		{B8334B90-8ADB-4E28-B5AF-3CA4734E597A}.Release|Any CPU.ActiveCfg = Release|Any CPU
		{B8334B90-8ADB-4E28-B5AF-3CA4734E597A}.Release|Any CPU.Build.0 = Release|Any CPU
		{CCDF42F9-F072-4BC7-A422-E138237D4AC0}.Debug|Any CPU.ActiveCfg = Debug|Any CPU
		{CCDF42F9-F072-4BC7-A422-E138237D4AC0}.Debug|Any CPU.Build.0 = Debug|Any CPU
		{CCDF42F9-F072-4BC7-A422-E138237D4AC0}.Release|Any CPU.ActiveCfg = Release|Any CPU
		{CCDF42F9-F072-4BC7-A422-E138237D4AC0}.Release|Any CPU.Build.0 = Release|Any CPU
		{19C3C1EF-D01B-4564-B56C-ACEDE2C64032}.Debug|Any CPU.ActiveCfg = Debug|Any CPU
		{19C3C1EF-D01B-4564-B56C-ACEDE2C64032}.Debug|Any CPU.Build.0 = Debug|Any CPU
		{19C3C1EF-D01B-4564-B56C-ACEDE2C64032}.Release|Any CPU.ActiveCfg = Release|Any CPU
		{19C3C1EF-D01B-4564-B56C-ACEDE2C64032}.Release|Any CPU.Build.0 = Release|Any CPU
		{56343107-01F7-488E-A7CB-956EF141DF19}.Debug|Any CPU.ActiveCfg = Debug|Any CPU
		{56343107-01F7-488E-A7CB-956EF141DF19}.Debug|Any CPU.Build.0 = Debug|Any CPU
		{56343107-01F7-488E-A7CB-956EF141DF19}.Release|Any CPU.ActiveCfg = Release|Any CPU
		{56343107-01F7-488E-A7CB-956EF141DF19}.Release|Any CPU.Build.0 = Release|Any CPU
		{F7F801C8-F422-4F39-9553-4904144D1552}.Debug|Any CPU.ActiveCfg = Debug|Any CPU
		{F7F801C8-F422-4F39-9553-4904144D1552}.Debug|Any CPU.Build.0 = Debug|Any CPU
		{F7F801C8-F422-4F39-9553-4904144D1552}.Release|Any CPU.ActiveCfg = Release|Any CPU
		{F7F801C8-F422-4F39-9553-4904144D1552}.Release|Any CPU.Build.0 = Release|Any CPU
		{14314384-C152-41D3-9DBC-2C341C29A33E}.Debug|Any CPU.ActiveCfg = Debug|Any CPU
		{14314384-C152-41D3-9DBC-2C341C29A33E}.Debug|Any CPU.Build.0 = Debug|Any CPU
		{14314384-C152-41D3-9DBC-2C341C29A33E}.Release|Any CPU.ActiveCfg = Release|Any CPU
		{14314384-C152-41D3-9DBC-2C341C29A33E}.Release|Any CPU.Build.0 = Release|Any CPU
		{A1E27A90-08DE-45B0-87D9-7E65D87C2DF6}.Debug|Any CPU.ActiveCfg = Debug|Any CPU
		{A1E27A90-08DE-45B0-87D9-7E65D87C2DF6}.Debug|Any CPU.Build.0 = Debug|Any CPU
		{A1E27A90-08DE-45B0-87D9-7E65D87C2DF6}.Release|Any CPU.ActiveCfg = Release|Any CPU
		{A1E27A90-08DE-45B0-87D9-7E65D87C2DF6}.Release|Any CPU.Build.0 = Release|Any CPU
	EndGlobalSection
	GlobalSection(SolutionProperties) = preSolution
		HideSolutionNode = FALSE
	EndGlobalSection
	GlobalSection(NestedProjects) = preSolution
		{8FE79C29-E490-4CE2-AE05-9A89F067A9A7} = {47E2050A-B95C-4F02-9D4F-DC97534E0C66}
		{B8334B90-8ADB-4E28-B5AF-3CA4734E597A} = {47E2050A-B95C-4F02-9D4F-DC97534E0C66}
		{CCDF42F9-F072-4BC7-A422-E138237D4AC0} = {47E2050A-B95C-4F02-9D4F-DC97534E0C66}
		{19C3C1EF-D01B-4564-B56C-ACEDE2C64032} = {47E2050A-B95C-4F02-9D4F-DC97534E0C66}
		{56343107-01F7-488E-A7CB-956EF141DF19} = {47E2050A-B95C-4F02-9D4F-DC97534E0C66}
		{F7F801C8-F422-4F39-9553-4904144D1552} = {47E2050A-B95C-4F02-9D4F-DC97534E0C66}
		{14314384-C152-41D3-9DBC-2C341C29A33E} = {47E2050A-B95C-4F02-9D4F-DC97534E0C66}
		{A1E27A90-08DE-45B0-87D9-7E65D87C2DF6} = {47E2050A-B95C-4F02-9D4F-DC97534E0C66}
	EndGlobalSection
EndGlobal
