
Microsoft Visual Studio Solution File, Format Version 12.00
# Visual Studio 15
VisualStudioVersion = 15.0.26228.4
MinimumVisualStudioVersion = 10.0.40219.1
Project("{2150E333-8FDC-42A3-9474-1A3956D46DE8}") = "src", "src", "{47E2050A-B95C-4F02-9D4F-DC97534E0C66}"
EndProject
Project("{2150E333-8FDC-42A3-9474-1A3956D46DE8}") = "Solution Items", "Solution Items", "{20B56FE2-AC56-4380-803C-0E58811BF3C9}"
	ProjectSection(SolutionItems) = preProject
		.travis.yml = .travis.yml
		build.sh = build.sh
		README.md = README.md
	EndProjectSection
EndProject
Project("{9A19103F-16F7-4668-BE54-9A1E7A4F7556}") = "StarterProject.WebApi", "src\StarterProject.WebApi\StarterProject.WebApi.csproj", "{F7F801C8-F422-4F39-9553-4904144D1552}"
EndProject
Project("{FAE04EC0-301F-11D3-BF4B-00C04F79EFBC}") = "StarterProject.WebClient", "src\StarterProject.WebClient\StarterProject.WebClient.csproj", "{14314384-C152-41D3-9DBC-2C341C29A33E}"
EndProject
Project("{9A19103F-16F7-4668-BE54-9A1E7A4F7556}") = "StarterProject.InMemoryUnitTests", "src\StarterProject.InMemoryUnitTests\StarterProject.InMemoryUnitTests.csproj", "{A1E27A90-08DE-45B0-87D9-7E65D87C2DF6}"
EndProject
Project("{9A19103F-16F7-4668-BE54-9A1E7A4F7556}") = "StarterProject.UnitTests", "src\StarterProject.UnitTests\StarterProject.UnitTests.csproj", "{5B2F2251-E3F3-4F5D-93C1-8027746F7ACA}"
EndProject
Project("{9A19103F-16F7-4668-BE54-9A1E7A4F7556}") = "StarterProject.IntegrationTests", "src\StarterProject.IntegrationTests\StarterProject.IntegrationTests.csproj", "{EB1F9A6F-4BA4-49B8-B585-E23567A02F30}"
EndProject
Global
	GlobalSection(SolutionConfigurationPlatforms) = preSolution
		Debug|Any CPU = Debug|Any CPU
		Release|Any CPU = Release|Any CPU
	EndGlobalSection
	GlobalSection(ProjectConfigurationPlatforms) = postSolution
		{F7F801C8-F422-4F39-9553-4904144D1552}.Debug|Any CPU.ActiveCfg = Debug|Any CPU
		{F7F801C8-F422-4F39-9553-4904144D1552}.Debug|Any CPU.Build.0 = Debug|Any CPU
		{F7F801C8-F422-4F39-9553-4904144D1552}.Release|Any CPU.ActiveCfg = Release|Any CPU
		{F7F801C8-F422-4F39-9553-4904144D1552}.Release|Any CPU.Build.0 = Release|Any CPU
		{14314384-C152-41D3-9DBC-2C341C29A33E}.Debug|Any CPU.ActiveCfg = Debug|Any CPU
		{14314384-C152-41D3-9DBC-2C341C29A33E}.Debug|Any CPU.Build.0 = Debug|Any CPU
		{14314384-C152-41D3-9DBC-2C341C29A33E}.Release|Any CPU.ActiveCfg = Release|Any CPU
		{14314384-C152-41D3-9DBC-2C341C29A33E}.Release|Any CPU.Build.0 = Release|Any CPU
		{A1E27A90-08DE-45B0-87D9-7E65D87C2DF6}.Debug|Any CPU.ActiveCfg = Debug|Any CPU
		{A1E27A90-08DE-45B0-87D9-7E65D87C2DF6}.Debug|Any CPU.Build.0 = Debug|Any CPU
		{A1E27A90-08DE-45B0-87D9-7E65D87C2DF6}.Release|Any CPU.ActiveCfg = Release|Any CPU
		{A1E27A90-08DE-45B0-87D9-7E65D87C2DF6}.Release|Any CPU.Build.0 = Release|Any CPU
		{5B2F2251-E3F3-4F5D-93C1-8027746F7ACA}.Debug|Any CPU.ActiveCfg = Debug|Any CPU
		{5B2F2251-E3F3-4F5D-93C1-8027746F7ACA}.Debug|Any CPU.Build.0 = Debug|Any CPU
		{5B2F2251-E3F3-4F5D-93C1-8027746F7ACA}.Release|Any CPU.ActiveCfg = Release|Any CPU
		{5B2F2251-E3F3-4F5D-93C1-8027746F7ACA}.Release|Any CPU.Build.0 = Release|Any CPU
		{EB1F9A6F-4BA4-49B8-B585-E23567A02F30}.Debug|Any CPU.ActiveCfg = Debug|Any CPU
		{EB1F9A6F-4BA4-49B8-B585-E23567A02F30}.Debug|Any CPU.Build.0 = Debug|Any CPU
		{EB1F9A6F-4BA4-49B8-B585-E23567A02F30}.Release|Any CPU.ActiveCfg = Release|Any CPU
		{EB1F9A6F-4BA4-49B8-B585-E23567A02F30}.Release|Any CPU.Build.0 = Release|Any CPU
	EndGlobalSection
	GlobalSection(SolutionProperties) = preSolution
		HideSolutionNode = FALSE
	EndGlobalSection
	GlobalSection(NestedProjects) = preSolution
		{F7F801C8-F422-4F39-9553-4904144D1552} = {47E2050A-B95C-4F02-9D4F-DC97534E0C66}
		{14314384-C152-41D3-9DBC-2C341C29A33E} = {47E2050A-B95C-4F02-9D4F-DC97534E0C66}
		{A1E27A90-08DE-45B0-87D9-7E65D87C2DF6} = {47E2050A-B95C-4F02-9D4F-DC97534E0C66}
		{5B2F2251-E3F3-4F5D-93C1-8027746F7ACA} = {47E2050A-B95C-4F02-9D4F-DC97534E0C66}
		{EB1F9A6F-4BA4-49B8-B585-E23567A02F30} = {47E2050A-B95C-4F02-9D4F-DC97534E0C66}
	EndGlobalSection
EndGlobal
